
Microsoft Visual Studio Solution File, Format Version 12.00
# Visual Studio Version 16
VisualStudioVersion = 16.0.28922.388
MinimumVisualStudioVersion = 10.0.40219.1
Project("{FAE04EC0-301F-11D3-BF4B-00C04F79EFBC}") = "RESTSchemaRetry", "RESTSchemaRetry\RESTSchemaRetry.csproj", "{2D8C79EE-6872-40E7-A22E-58BACF866A98}"
EndProject
Project("{FAE04EC0-301F-11D3-BF4B-00C04F79EFBC}") = "UnitTestProject", "UnitTestProject\UnitTestProject.csproj", "{C70BF35D-E9BD-41C5-A6BB-5DD1030ECABE}"
EndProject
Global
	GlobalSection(SolutionConfigurationPlatforms) = preSolution
		Debug|Any CPU = Debug|Any CPU
		Release|Any CPU = Release|Any CPU
	EndGlobalSection
	GlobalSection(ProjectConfigurationPlatforms) = postSolution
		{2D8C79EE-6872-40E7-A22E-58BACF866A98}.Debug|Any CPU.ActiveCfg = Debug|Any CPU
		{2D8C79EE-6872-40E7-A22E-58BACF866A98}.Debug|Any CPU.Build.0 = Debug|Any CPU
		{2D8C79EE-6872-40E7-A22E-58BACF866A98}.Release|Any CPU.ActiveCfg = Release|Any CPU
		{2D8C79EE-6872-40E7-A22E-58BACF866A98}.Release|Any CPU.Build.0 = Release|Any CPU
		{C70BF35D-E9BD-41C5-A6BB-5DD1030ECABE}.Debug|Any CPU.ActiveCfg = Debug|Any CPU
		{C70BF35D-E9BD-41C5-A6BB-5DD1030ECABE}.Debug|Any CPU.Build.0 = Debug|Any CPU
		{C70BF35D-E9BD-41C5-A6BB-5DD1030ECABE}.Release|Any CPU.ActiveCfg = Release|Any CPU
		{C70BF35D-E9BD-41C5-A6BB-5DD1030ECABE}.Release|Any CPU.Build.0 = Release|Any CPU
	EndGlobalSection
	GlobalSection(SolutionProperties) = preSolution
		HideSolutionNode = FALSE
	EndGlobalSection
	GlobalSection(ExtensibilityGlobals) = postSolution
		SolutionGuid = {09CBA5FC-ED81-4D58-8B6D-4BE17C52662F}
	EndGlobalSection
EndGlobal
