
Microsoft Visual Studio Solution File, Format Version 12.00
# Visual Studio Version 17
VisualStudioVersion = 17.11.35327.3
MinimumVisualStudioVersion = 10.0.40219.1
Project("{9A19103F-16F7-4668-BE54-9A1E7A4F7556}") = "RESTSchemaRetry", "RESTSchemaRetry\RESTSchemaRetry.csproj", "{2D8C79EE-6872-40E7-A22E-58BACF866A98}"
EndProject
Project("{FAE04EC0-301F-11D3-BF4B-00C04F79EFBC}") = "RESTSchemaRetry.Test", "RESTSchemaRetry.Test\RESTSchemaRetry.Test.csproj", "{CD11C9BF-2EEA-4DA6-8FF7-899603E44860}"
EndProject
Project("{FAE04EC0-301F-11D3-BF4B-00C04F79EFBC}") = "RESTSchemaRetry.TestClient", "RESTSchemaRetry.TestClient\RESTSchemaRetry.TestClient.csproj", "{95AA215A-C0D8-4154-A0F9-B8D3D948FB81}"
EndProject
Global
	GlobalSection(SolutionConfigurationPlatforms) = preSolution
		Debug|Any CPU = Debug|Any CPU
		Release|Any CPU = Release|Any CPU
	EndGlobalSection
	GlobalSection(ProjectConfigurationPlatforms) = postSolution
		{2D8C79EE-6872-40E7-A22E-58BACF866A98}.Debug|Any CPU.ActiveCfg = Debug|Any CPU
		{2D8C79EE-6872-40E7-A22E-58BACF866A98}.Debug|Any CPU.Build.0 = Debug|Any CPU
		{2D8C79EE-6872-40E7-A22E-58BACF866A98}.Release|Any CPU.ActiveCfg = Release|Any CPU
		{2D8C79EE-6872-40E7-A22E-58BACF866A98}.Release|Any CPU.Build.0 = Release|Any CPU
		{CD11C9BF-2EEA-4DA6-8FF7-899603E44860}.Debug|Any CPU.ActiveCfg = Debug|Any CPU
		{CD11C9BF-2EEA-4DA6-8FF7-899603E44860}.Debug|Any CPU.Build.0 = Debug|Any CPU
		{CD11C9BF-2EEA-4DA6-8FF7-899603E44860}.Release|Any CPU.ActiveCfg = Release|Any CPU
		{CD11C9BF-2EEA-4DA6-8FF7-899603E44860}.Release|Any CPU.Build.0 = Release|Any CPU
		{95AA215A-C0D8-4154-A0F9-B8D3D948FB81}.Debug|Any CPU.ActiveCfg = Debug|Any CPU
		{95AA215A-C0D8-4154-A0F9-B8D3D948FB81}.Debug|Any CPU.Build.0 = Debug|Any CPU
		{95AA215A-C0D8-4154-A0F9-B8D3D948FB81}.Release|Any CPU.ActiveCfg = Release|Any CPU
		{95AA215A-C0D8-4154-A0F9-B8D3D948FB81}.Release|Any CPU.Build.0 = Release|Any CPU
	EndGlobalSection
	GlobalSection(SolutionProperties) = preSolution
		HideSolutionNode = FALSE
	EndGlobalSection
	GlobalSection(ExtensibilityGlobals) = postSolution
		SolutionGuid = {09CBA5FC-ED81-4D58-8B6D-4BE17C52662F}
	EndGlobalSection
EndGlobal
